
Microsoft Visual Studio Solution File, Format Version 10.00
# Visual Studio 2008
Project("{8BC9CEB8-8B4A-11D0-8D11-00A0C91BC942}") = "BumbleBeeGetData", "BumbleBeeGetData\BumbleBeeGetData.vcproj", "{B69BB0B9-564E-4831-9065-0F3547E48468}"
EndProject
Global
	GlobalSection(SolutionConfigurationPlatforms) = preSolution
		Debug|Win32 = Debug|Win32
		Release|Win32 = Release|Win32
	EndGlobalSection
	GlobalSection(ProjectConfigurationPlatforms) = postSolution
		{B69BB0B9-564E-4831-9065-0F3547E48468}.Debug|Win32.ActiveCfg = Debug|Win32
		{B69BB0B9-564E-4831-9065-0F3547E48468}.Debug|Win32.Build.0 = Debug|Win32
		{B69BB0B9-564E-4831-9065-0F3547E48468}.Release|Win32.ActiveCfg = Release|Win32
		{B69BB0B9-564E-4831-9065-0F3547E48468}.Release|Win32.Build.0 = Release|Win32
	EndGlobalSection
	GlobalSection(SolutionProperties) = preSolution
		HideSolutionNode = FALSE
	EndGlobalSection
EndGlobal
